// !$*UTF8*$!
{
	archiveVersion = 1;
	classes = {
	};
	objectVersion = 56;
	objects = {

/* Begin PBXBuildFile section */
		19099E8629CDDFAE0010DA05 /* ProductVariantSelectionView.swift in Sources */ = {isa = PBXBuildFile; fileRef = 19099E8529CDDFAE0010DA05 /* ProductVariantSelectionView.swift */; };
		19099E8829CE41BE0010DA05 /* ProductColorSelectionView.swift in Sources */ = {isa = PBXBuildFile; fileRef = 19099E8729CE41BE0010DA05 /* ProductColorSelectionView.swift */; };
		19099E8A29CE4CD80010DA05 /* ProductSizeSelectionView.swift in Sources */ = {isa = PBXBuildFile; fileRef = 19099E8929CE4CD80010DA05 /* ProductSizeSelectionView.swift */; };
		19099E8F29CE5FBC0010DA05 /* ProductVariantSelectionFooterView.swift in Sources */ = {isa = PBXBuildFile; fileRef = 19099E8E29CE5FBC0010DA05 /* ProductVariantSelectionFooterView.swift */; };
		19099EA629CF58670010DA05 /* CartTestCase.swift in Sources */ = {isa = PBXBuildFile; fileRef = 19099EA529CF58670010DA05 /* CartTestCase.swift */; };
		1913835529E8D3AE008E8718 /* LoadingView.swift in Sources */ = {isa = PBXBuildFile; fileRef = 1913835429E8D3AE008E8718 /* LoadingView.swift */; };
		1913835729E8EF5A008E8718 /* LaunchScreen.storyboard in Resources */ = {isa = PBXBuildFile; fileRef = 1913835629E8EF5A008E8718 /* LaunchScreen.storyboard */; };
		1913835929ECAE9F008E8718 /* ErrorStateView.swift in Sources */ = {isa = PBXBuildFile; fileRef = 1913835829ECAE9F008E8718 /* ErrorStateView.swift */; };
		1913835D29ECC5B7008E8718 /* MainTabView.swift in Sources */ = {isa = PBXBuildFile; fileRef = 1913835C29ECC5B7008E8718 /* MainTabView.swift */; };
		1913835F29ECE346008E8718 /* Router.swift in Sources */ = {isa = PBXBuildFile; fileRef = 1913835E29ECE346008E8718 /* Router.swift */; };
		1913836129ED7838008E8718 /* ATSTestModel.swift in Sources */ = {isa = PBXBuildFile; fileRef = 1913836029ED7838008E8718 /* ATSTestModel.swift */; };
		1913836329ED8B61008E8718 /* KodecoClient.swift in Sources */ = {isa = PBXBuildFile; fileRef = 1913836229ED8B61008E8718 /* KodecoClient.swift */; };
		1924504629C783A4008CFDC1 /* Product.swift in Sources */ = {isa = PBXBuildFile; fileRef = 1924504529C783A4008CFDC1 /* Product.swift */; };
		1924504829C784B4008CFDC1 /* Review.swift in Sources */ = {isa = PBXBuildFile; fileRef = 1924504729C784B4008CFDC1 /* Review.swift */; };
		1924504A29C78821008CFDC1 /* Shop.swift in Sources */ = {isa = PBXBuildFile; fileRef = 1924504929C78821008CFDC1 /* Shop.swift */; };
		1924504C29C788D0008CFDC1 /* Stock.swift in Sources */ = {isa = PBXBuildFile; fileRef = 1924504B29C788D0008CFDC1 /* Stock.swift */; };
		1924504E29C7890C008CFDC1 /* Cart.swift in Sources */ = {isa = PBXBuildFile; fileRef = 1924504D29C7890C008CFDC1 /* Cart.swift */; };
		1924505129C7A577008CFDC1 /* MainView.swift in Sources */ = {isa = PBXBuildFile; fileRef = 1924505029C7A577008CFDC1 /* MainView.swift */; };
		1924505829C7BFC3008CFDC1 /* CartView.swift in Sources */ = {isa = PBXBuildFile; fileRef = 1924505729C7BFC3008CFDC1 /* CartView.swift */; };
		1924505A29C7BFD5008CFDC1 /* NewArrivalsView.swift in Sources */ = {isa = PBXBuildFile; fileRef = 1924505929C7BFD5008CFDC1 /* NewArrivalsView.swift */; };
		1924505C29C7BFE4008CFDC1 /* ProductsView.swift in Sources */ = {isa = PBXBuildFile; fileRef = 1924505B29C7BFE4008CFDC1 /* ProductsView.swift */; };
		195EED5229D0BFA200D34005 /* CartUITestCase.swift in Sources */ = {isa = PBXBuildFile; fileRef = 195EED5129D0BFA200D34005 /* CartUITestCase.swift */; };
		195EED5429D1DBD200D34005 /* UITestHelpers.swift in Sources */ = {isa = PBXBuildFile; fileRef = 195EED5329D1DBD200D34005 /* UITestHelpers.swift */; };
		1962938E29E4A6BF00C09A2A /* APIClient.swift in Sources */ = {isa = PBXBuildFile; fileRef = 1962938D29E4A6BF00C09A2A /* APIClient.swift */; };
		1962939029E625A900C09A2A /* Cache.swift in Sources */ = {isa = PBXBuildFile; fileRef = 1962938F29E625A900C09A2A /* Cache.swift */; };
		1962939229E6261000C09A2A /* Products.swift in Sources */ = {isa = PBXBuildFile; fileRef = 1962939129E6261000C09A2A /* Products.swift */; };
		1962939629E626BF00C09A2A /* RequestState.swift in Sources */ = {isa = PBXBuildFile; fileRef = 1962939529E626BF00C09A2A /* RequestState.swift */; };
		1962939A29E62B4600C09A2A /* ProductGroup.swift in Sources */ = {isa = PBXBuildFile; fileRef = 1962939929E62B4600C09A2A /* ProductGroup.swift */; };
		1962939E29E6F92500C09A2A /* CartItem.swift in Sources */ = {isa = PBXBuildFile; fileRef = 1962939D29E6F92500C09A2A /* CartItem.swift */; };
		196293A029E7219600C09A2A /* PreviewMockData.swift in Sources */ = {isa = PBXBuildFile; fileRef = 1962939F29E7219600C09A2A /* PreviewMockData.swift */; };
		196293A229E77B5700C09A2A /* MainLoadingView.swift in Sources */ = {isa = PBXBuildFile; fileRef = 196293A129E77B5700C09A2A /* MainLoadingView.swift */; };
		196293A629E8BEBA00C09A2A /* NetworkMonitor.swift in Sources */ = {isa = PBXBuildFile; fileRef = 196293A529E8BEBA00C09A2A /* NetworkMonitor.swift */; };
		1963FD0629BE425E0022C2B9 /* Image.swift in Sources */ = {isa = PBXBuildFile; fileRef = 1963FD0529BE425E0022C2B9 /* Image.swift */; };
		1963FD1029BF5CB80022C2B9 /* Text.swift in Sources */ = {isa = PBXBuildFile; fileRef = 1963FD0F29BF5CB80022C2B9 /* Text.swift */; };
		1992079629C7DED8002408A0 /* ProductDetailsView.swift in Sources */ = {isa = PBXBuildFile; fileRef = 1992079529C7DED8002408A0 /* ProductDetailsView.swift */; };
		1992079A29C7F555002408A0 /* ProductImageView.swift in Sources */ = {isa = PBXBuildFile; fileRef = 1992079929C7F555002408A0 /* ProductImageView.swift */; };
		199478C429C9185500AAEC31 /* CartSummarySectionView.swift in Sources */ = {isa = PBXBuildFile; fileRef = 199478C329C9185500AAEC31 /* CartSummarySectionView.swift */; };
		19A9B8C429A2A78700A1A81D /* Constants.swift in Sources */ = {isa = PBXBuildFile; fileRef = 19A9B8C329A2A78700A1A81D /* Constants.swift */; };
		19A9B8C629A2A93E00A1A81D /* Color.swift in Sources */ = {isa = PBXBuildFile; fileRef = 19A9B8C529A2A93E00A1A81D /* Color.swift */; };
		19BB564729A144C6006B768E /* BorzenkoShopellioApp.swift in Sources */ = {isa = PBXBuildFile; fileRef = 19BB564629A144C6006B768E /* BorzenkoShopellioApp.swift */; };
		19BB564B29A144C8006B768E /* Assets.xcassets in Resources */ = {isa = PBXBuildFile; fileRef = 19BB564A29A144C8006B768E /* Assets.xcassets */; };
		19BB564E29A144C8006B768E /* Preview Assets.xcassets in Resources */ = {isa = PBXBuildFile; fileRef = 19BB564D29A144C8006B768E /* Preview Assets.xcassets */; };
		19BB565829A26D39006B768E /* AboutView.swift in Sources */ = {isa = PBXBuildFile; fileRef = 19BB565729A26D39006B768E /* AboutView.swift */; };
		19BB565B29A28646006B768E /* FeatureList.swift in Sources */ = {isa = PBXBuildFile; fileRef = 19BB565A29A28646006B768E /* FeatureList.swift */; };
		19CBAF9729C80E5300AD2BA4 /* ProductListView.swift in Sources */ = {isa = PBXBuildFile; fileRef = 19CBAF9629C80E5300AD2BA4 /* ProductListView.swift */; };
		19DE30B029DB25C000AF7CE1 /* ShopData.json in Resources */ = {isa = PBXBuildFile; fileRef = 19DE30AF29DB25C000AF7CE1 /* ShopData.json */; };
		19EAEB2E29C897440003CF5A /* ProductGridView.swift in Sources */ = {isa = PBXBuildFile; fileRef = 19EAEB2D29C897440003CF5A /* ProductGridView.swift */; };
		19EAEB3029C8A8E10003CF5A /* CartContentSectionView.swift in Sources */ = {isa = PBXBuildFile; fileRef = 19EAEB2F29C8A8E10003CF5A /* CartContentSectionView.swift */; };
		19EAEB3229C8A9400003CF5A /* CartRowView.swift in Sources */ = {isa = PBXBuildFile; fileRef = 19EAEB3129C8A9400003CF5A /* CartRowView.swift */; };
		19EAEB3529C8D1920003CF5A /* ProductColorsView.swift in Sources */ = {isa = PBXBuildFile; fileRef = 19EAEB3429C8D1920003CF5A /* ProductColorsView.swift */; };
		19EAEB3829C8D4F50003CF5A /* ProductColorView.swift in Sources */ = {isa = PBXBuildFile; fileRef = 19EAEB3729C8D4F50003CF5A /* ProductColorView.swift */; };
		19EAEB3A29C8D7FD0003CF5A /* ProductTagView.swift in Sources */ = {isa = PBXBuildFile; fileRef = 19EAEB3929C8D7FD0003CF5A /* ProductTagView.swift */; };
		19EAEB3C29C8DA4D0003CF5A /* ProductPriceTextView.swift in Sources */ = {isa = PBXBuildFile; fileRef = 19EAEB3B29C8DA4D0003CF5A /* ProductPriceTextView.swift */; };
		19EAEB3E29C902FA0003CF5A /* ProductSizeLabel.swift in Sources */ = {isa = PBXBuildFile; fileRef = 19EAEB3D29C902FA0003CF5A /* ProductSizeLabel.swift */; };
		19EAEB4029C903950003CF5A /* ProductSubviewScale.swift in Sources */ = {isa = PBXBuildFile; fileRef = 19EAEB3F29C903950003CF5A /* ProductSubviewScale.swift */; };
		19F50E8E29CFE5E200965E3D /* ProductTestCase.swift in Sources */ = {isa = PBXBuildFile; fileRef = 19F50E8D29CFE5E200965E3D /* ProductTestCase.swift */; };
		19F50E9629CFFA8F00965E3D /* NewArrivalsUITestCase.swift in Sources */ = {isa = PBXBuildFile; fileRef = 19F50E9529CFFA8F00965E3D /* NewArrivalsUITestCase.swift */; };
		19F50E9829CFFA8F00965E3D /* BorzenkoShopellioUITestsLaunchTests.swift in Sources */ = {isa = PBXBuildFile; fileRef = 19F50E9729CFFA8F00965E3D /* BorzenkoShopellioUITestsLaunchTests.swift */; };
/* End PBXBuildFile section */

/* Begin PBXContainerItemProxy section */
		19099EA729CF58670010DA05 /* PBXContainerItemProxy */ = {
			isa = PBXContainerItemProxy;
			containerPortal = 19BB563B29A144C6006B768E /* Project object */;
			proxyType = 1;
			remoteGlobalIDString = 19BB564229A144C6006B768E;
			remoteInfo = BorzenkoShopellio;
		};
		19F50E9929CFFA8F00965E3D /* PBXContainerItemProxy */ = {
			isa = PBXContainerItemProxy;
			containerPortal = 19BB563B29A144C6006B768E /* Project object */;
			proxyType = 1;
			remoteGlobalIDString = 19BB564229A144C6006B768E;
			remoteInfo = BorzenkoShopellio;
		};
/* End PBXContainerItemProxy section */

/* Begin PBXFileReference section */
		19099E8529CDDFAE0010DA05 /* ProductVariantSelectionView.swift */ = {isa = PBXFileReference; lastKnownFileType = sourcecode.swift; path = ProductVariantSelectionView.swift; sourceTree = "<group>"; };
		19099E8729CE41BE0010DA05 /* ProductColorSelectionView.swift */ = {isa = PBXFileReference; lastKnownFileType = sourcecode.swift; path = ProductColorSelectionView.swift; sourceTree = "<group>"; };
		19099E8929CE4CD80010DA05 /* ProductSizeSelectionView.swift */ = {isa = PBXFileReference; lastKnownFileType = sourcecode.swift; path = ProductSizeSelectionView.swift; sourceTree = "<group>"; };
		19099E8E29CE5FBC0010DA05 /* ProductVariantSelectionFooterView.swift */ = {isa = PBXFileReference; lastKnownFileType = sourcecode.swift; path = ProductVariantSelectionFooterView.swift; sourceTree = "<group>"; };
		19099EA329CF58670010DA05 /* BorzenkoShopellioTests.xctest */ = {isa = PBXFileReference; explicitFileType = wrapper.cfbundle; includeInIndex = 0; path = BorzenkoShopellioTests.xctest; sourceTree = BUILT_PRODUCTS_DIR; };
		19099EA529CF58670010DA05 /* CartTestCase.swift */ = {isa = PBXFileReference; lastKnownFileType = sourcecode.swift; path = CartTestCase.swift; sourceTree = "<group>"; };
		1913835429E8D3AE008E8718 /* LoadingView.swift */ = {isa = PBXFileReference; lastKnownFileType = sourcecode.swift; path = LoadingView.swift; sourceTree = "<group>"; };
		1913835629E8EF5A008E8718 /* LaunchScreen.storyboard */ = {isa = PBXFileReference; lastKnownFileType = file.storyboard; path = LaunchScreen.storyboard; sourceTree = "<group>"; };
		1913835829ECAE9F008E8718 /* ErrorStateView.swift */ = {isa = PBXFileReference; lastKnownFileType = sourcecode.swift; path = ErrorStateView.swift; sourceTree = "<group>"; };
		1913835C29ECC5B7008E8718 /* MainTabView.swift */ = {isa = PBXFileReference; lastKnownFileType = sourcecode.swift; path = MainTabView.swift; sourceTree = "<group>"; };
		1913835E29ECE346008E8718 /* Router.swift */ = {isa = PBXFileReference; lastKnownFileType = sourcecode.swift; path = Router.swift; sourceTree = "<group>"; };
		1913836029ED7838008E8718 /* ATSTestModel.swift */ = {isa = PBXFileReference; lastKnownFileType = sourcecode.swift; path = ATSTestModel.swift; sourceTree = "<group>"; };
		1913836229ED8B61008E8718 /* KodecoClient.swift */ = {isa = PBXFileReference; lastKnownFileType = sourcecode.swift; path = KodecoClient.swift; sourceTree = "<group>"; };
		1924504529C783A4008CFDC1 /* Product.swift */ = {isa = PBXFileReference; lastKnownFileType = sourcecode.swift; path = Product.swift; sourceTree = "<group>"; };
		1924504729C784B4008CFDC1 /* Review.swift */ = {isa = PBXFileReference; lastKnownFileType = sourcecode.swift; path = Review.swift; sourceTree = "<group>"; };
		1924504929C78821008CFDC1 /* Shop.swift */ = {isa = PBXFileReference; lastKnownFileType = sourcecode.swift; path = Shop.swift; sourceTree = "<group>"; };
		1924504B29C788D0008CFDC1 /* Stock.swift */ = {isa = PBXFileReference; lastKnownFileType = sourcecode.swift; path = Stock.swift; sourceTree = "<group>"; };
		1924504D29C7890C008CFDC1 /* Cart.swift */ = {isa = PBXFileReference; lastKnownFileType = sourcecode.swift; path = Cart.swift; sourceTree = "<group>"; };
		1924505029C7A577008CFDC1 /* MainView.swift */ = {isa = PBXFileReference; lastKnownFileType = sourcecode.swift; path = MainView.swift; sourceTree = "<group>"; };
		1924505729C7BFC3008CFDC1 /* CartView.swift */ = {isa = PBXFileReference; lastKnownFileType = sourcecode.swift; path = CartView.swift; sourceTree = "<group>"; };
		1924505929C7BFD5008CFDC1 /* NewArrivalsView.swift */ = {isa = PBXFileReference; lastKnownFileType = sourcecode.swift; path = NewArrivalsView.swift; sourceTree = "<group>"; };
		1924505B29C7BFE4008CFDC1 /* ProductsView.swift */ = {isa = PBXFileReference; lastKnownFileType = sourcecode.swift; path = ProductsView.swift; sourceTree = "<group>"; };
		195EED5129D0BFA200D34005 /* CartUITestCase.swift */ = {isa = PBXFileReference; lastKnownFileType = sourcecode.swift; path = CartUITestCase.swift; sourceTree = "<group>"; };
		195EED5329D1DBD200D34005 /* UITestHelpers.swift */ = {isa = PBXFileReference; lastKnownFileType = sourcecode.swift; path = UITestHelpers.swift; sourceTree = "<group>"; };
		1962938D29E4A6BF00C09A2A /* APIClient.swift */ = {isa = PBXFileReference; lastKnownFileType = sourcecode.swift; path = APIClient.swift; sourceTree = "<group>"; };
		1962938F29E625A900C09A2A /* Cache.swift */ = {isa = PBXFileReference; lastKnownFileType = sourcecode.swift; path = Cache.swift; sourceTree = "<group>"; };
		1962939129E6261000C09A2A /* Products.swift */ = {isa = PBXFileReference; lastKnownFileType = sourcecode.swift; path = Products.swift; sourceTree = "<group>"; };
		1962939529E626BF00C09A2A /* RequestState.swift */ = {isa = PBXFileReference; lastKnownFileType = sourcecode.swift; path = RequestState.swift; sourceTree = "<group>"; };
		1962939929E62B4600C09A2A /* ProductGroup.swift */ = {isa = PBXFileReference; lastKnownFileType = sourcecode.swift; path = ProductGroup.swift; sourceTree = "<group>"; };
		1962939D29E6F92500C09A2A /* CartItem.swift */ = {isa = PBXFileReference; lastKnownFileType = sourcecode.swift; path = CartItem.swift; sourceTree = "<group>"; };
		1962939F29E7219600C09A2A /* PreviewMockData.swift */ = {isa = PBXFileReference; lastKnownFileType = sourcecode.swift; path = PreviewMockData.swift; sourceTree = "<group>"; };
		196293A129E77B5700C09A2A /* MainLoadingView.swift */ = {isa = PBXFileReference; lastKnownFileType = sourcecode.swift; path = MainLoadingView.swift; sourceTree = "<group>"; };
		196293A529E8BEBA00C09A2A /* NetworkMonitor.swift */ = {isa = PBXFileReference; lastKnownFileType = sourcecode.swift; path = NetworkMonitor.swift; sourceTree = "<group>"; };
		1963FD0529BE425E0022C2B9 /* Image.swift */ = {isa = PBXFileReference; lastKnownFileType = sourcecode.swift; path = Image.swift; sourceTree = "<group>"; };
		1963FD0F29BF5CB80022C2B9 /* Text.swift */ = {isa = PBXFileReference; lastKnownFileType = sourcecode.swift; path = Text.swift; sourceTree = "<group>"; };
		1992079529C7DED8002408A0 /* ProductDetailsView.swift */ = {isa = PBXFileReference; lastKnownFileType = sourcecode.swift; path = ProductDetailsView.swift; sourceTree = "<group>"; };
		1992079929C7F555002408A0 /* ProductImageView.swift */ = {isa = PBXFileReference; lastKnownFileType = sourcecode.swift; path = ProductImageView.swift; sourceTree = "<group>"; };
		199478C329C9185500AAEC31 /* CartSummarySectionView.swift */ = {isa = PBXFileReference; lastKnownFileType = sourcecode.swift; path = CartSummarySectionView.swift; sourceTree = "<group>"; };
		19A9B8C329A2A78700A1A81D /* Constants.swift */ = {isa = PBXFileReference; lastKnownFileType = sourcecode.swift; path = Constants.swift; sourceTree = "<group>"; };
		19A9B8C529A2A93E00A1A81D /* Color.swift */ = {isa = PBXFileReference; lastKnownFileType = sourcecode.swift; path = Color.swift; sourceTree = "<group>"; };
		19BB564329A144C6006B768E /* BorzenkoShopellio.app */ = {isa = PBXFileReference; explicitFileType = wrapper.application; includeInIndex = 0; path = BorzenkoShopellio.app; sourceTree = BUILT_PRODUCTS_DIR; };
		19BB564629A144C6006B768E /* BorzenkoShopellioApp.swift */ = {isa = PBXFileReference; lastKnownFileType = sourcecode.swift; path = BorzenkoShopellioApp.swift; sourceTree = "<group>"; };
		19BB564A29A144C8006B768E /* Assets.xcassets */ = {isa = PBXFileReference; lastKnownFileType = folder.assetcatalog; path = Assets.xcassets; sourceTree = "<group>"; };
		19BB564D29A144C8006B768E /* Preview Assets.xcassets */ = {isa = PBXFileReference; lastKnownFileType = folder.assetcatalog; path = "Preview Assets.xcassets"; sourceTree = "<group>"; };
		19BB565629A1A810006B768E /* Info.plist */ = {isa = PBXFileReference; lastKnownFileType = text.plist.xml; path = Info.plist; sourceTree = "<group>"; };
		19BB565729A26D39006B768E /* AboutView.swift */ = {isa = PBXFileReference; lastKnownFileType = sourcecode.swift; path = AboutView.swift; sourceTree = "<group>"; };
		19BB565A29A28646006B768E /* FeatureList.swift */ = {isa = PBXFileReference; lastKnownFileType = sourcecode.swift; path = FeatureList.swift; sourceTree = "<group>"; };
		19CBAF9629C80E5300AD2BA4 /* ProductListView.swift */ = {isa = PBXFileReference; lastKnownFileType = sourcecode.swift; path = ProductListView.swift; sourceTree = "<group>"; };
		19DE30AF29DB25C000AF7CE1 /* ShopData.json */ = {isa = PBXFileReference; fileEncoding = 4; lastKnownFileType = text.json; path = ShopData.json; sourceTree = "<group>"; };
		19EAEB2D29C897440003CF5A /* ProductGridView.swift */ = {isa = PBXFileReference; lastKnownFileType = sourcecode.swift; path = ProductGridView.swift; sourceTree = "<group>"; };
		19EAEB2F29C8A8E10003CF5A /* CartContentSectionView.swift */ = {isa = PBXFileReference; lastKnownFileType = sourcecode.swift; path = CartContentSectionView.swift; sourceTree = "<group>"; };
		19EAEB3129C8A9400003CF5A /* CartRowView.swift */ = {isa = PBXFileReference; lastKnownFileType = sourcecode.swift; path = CartRowView.swift; sourceTree = "<group>"; };
		19EAEB3429C8D1920003CF5A /* ProductColorsView.swift */ = {isa = PBXFileReference; lastKnownFileType = sourcecode.swift; path = ProductColorsView.swift; sourceTree = "<group>"; };
		19EAEB3729C8D4F50003CF5A /* ProductColorView.swift */ = {isa = PBXFileReference; lastKnownFileType = sourcecode.swift; path = ProductColorView.swift; sourceTree = "<group>"; };
		19EAEB3929C8D7FD0003CF5A /* ProductTagView.swift */ = {isa = PBXFileReference; lastKnownFileType = sourcecode.swift; path = ProductTagView.swift; sourceTree = "<group>"; };
		19EAEB3B29C8DA4D0003CF5A /* ProductPriceTextView.swift */ = {isa = PBXFileReference; lastKnownFileType = sourcecode.swift; path = ProductPriceTextView.swift; sourceTree = "<group>"; };
		19EAEB3D29C902FA0003CF5A /* ProductSizeLabel.swift */ = {isa = PBXFileReference; lastKnownFileType = sourcecode.swift; path = ProductSizeLabel.swift; sourceTree = "<group>"; };
		19EAEB3F29C903950003CF5A /* ProductSubviewScale.swift */ = {isa = PBXFileReference; lastKnownFileType = sourcecode.swift; path = ProductSubviewScale.swift; sourceTree = "<group>"; };
		19F50E8D29CFE5E200965E3D /* ProductTestCase.swift */ = {isa = PBXFileReference; lastKnownFileType = sourcecode.swift; path = ProductTestCase.swift; sourceTree = "<group>"; };
		19F50E9329CFFA8F00965E3D /* BorzenkoShopellioUITests.xctest */ = {isa = PBXFileReference; explicitFileType = wrapper.cfbundle; includeInIndex = 0; path = BorzenkoShopellioUITests.xctest; sourceTree = BUILT_PRODUCTS_DIR; };
		19F50E9529CFFA8F00965E3D /* NewArrivalsUITestCase.swift */ = {isa = PBXFileReference; lastKnownFileType = sourcecode.swift; path = NewArrivalsUITestCase.swift; sourceTree = "<group>"; };
		19F50E9729CFFA8F00965E3D /* BorzenkoShopellioUITestsLaunchTests.swift */ = {isa = PBXFileReference; lastKnownFileType = sourcecode.swift; path = BorzenkoShopellioUITestsLaunchTests.swift; sourceTree = "<group>"; };
/* End PBXFileReference section */

/* Begin PBXFrameworksBuildPhase section */
		19099EA029CF58670010DA05 /* Frameworks */ = {
			isa = PBXFrameworksBuildPhase;
			buildActionMask = 2147483647;
			files = (
			);
			runOnlyForDeploymentPostprocessing = 0;
		};
		19BB564029A144C6006B768E /* Frameworks */ = {
			isa = PBXFrameworksBuildPhase;
			buildActionMask = 2147483647;
			files = (
			);
			runOnlyForDeploymentPostprocessing = 0;
		};
		19F50E9029CFFA8F00965E3D /* Frameworks */ = {
			isa = PBXFrameworksBuildPhase;
			buildActionMask = 2147483647;
			files = (
			);
			runOnlyForDeploymentPostprocessing = 0;
		};
/* End PBXFrameworksBuildPhase section */

/* Begin PBXGroup section */
		1905741929C9328700C27155 /* About */ = {
			isa = PBXGroup;
			children = (
				19BB565729A26D39006B768E /* AboutView.swift */,
			);
			path = About;
			sourceTree = "<group>";
		};
		19099E8D29CE59330010DA05 /* ProductVariantSelection */ = {
			isa = PBXGroup;
			children = (
				19099E8529CDDFAE0010DA05 /* ProductVariantSelectionView.swift */,
				19099E8E29CE5FBC0010DA05 /* ProductVariantSelectionFooterView.swift */,
				19099E8729CE41BE0010DA05 /* ProductColorSelectionView.swift */,
				19099E8929CE4CD80010DA05 /* ProductSizeSelectionView.swift */,
			);
			path = ProductVariantSelection;
			sourceTree = "<group>";
		};
		19099EA429CF58670010DA05 /* BorzenkoShopellioTests */ = {
			isa = PBXGroup;
			children = (
				19F50E8B29CFC64E00965E3D /* Models */,
			);
			path = BorzenkoShopellioTests;
			sourceTree = "<group>";
		};
		1913835A29ECB4F8008E8718 /* Common */ = {
			isa = PBXGroup;
			children = (
				1913835829ECAE9F008E8718 /* ErrorStateView.swift */,
				1913835429E8D3AE008E8718 /* LoadingView.swift */,
			);
			path = Common;
			sourceTree = "<group>";
		};
		1913835B29ECC59A008E8718 /* MainView */ = {
			isa = PBXGroup;
			children = (
				1924505029C7A577008CFDC1 /* MainView.swift */,
				1913835C29ECC5B7008E8718 /* MainTabView.swift */,
				196293A129E77B5700C09A2A /* MainLoadingView.swift */,
			);
			path = MainView;
			sourceTree = "<group>";
		};
		1913836429ED8B6F008E8718 /* TemporalModels */ = {
			isa = PBXGroup;
			children = (
				1913836029ED7838008E8718 /* ATSTestModel.swift */,
				1913836229ED8B61008E8718 /* KodecoClient.swift */,
			);
			path = TemporalModels;
			sourceTree = "<group>";
		};
		1924504F29C78C66008CFDC1 /* Products */ = {
			isa = PBXGroup;
			children = (
				1962939129E6261000C09A2A /* Products.swift */,
				1924504729C784B4008CFDC1 /* Review.swift */,
				1924504529C783A4008CFDC1 /* Product.swift */,
				1924504B29C788D0008CFDC1 /* Stock.swift */,
			);
			path = Products;
			sourceTree = "<group>";
		};
		1924505229C7A585008CFDC1 /* Cart */ = {
			isa = PBXGroup;
			children = (
				1924505729C7BFC3008CFDC1 /* CartView.swift */,
				199478C329C9185500AAEC31 /* CartSummarySectionView.swift */,
				19EAEB2F29C8A8E10003CF5A /* CartContentSectionView.swift */,
				19EAEB3129C8A9400003CF5A /* CartRowView.swift */,
			);
			path = Cart;
			sourceTree = "<group>";
		};
		1924505329C7A58B008CFDC1 /* NewArrivals */ = {
			isa = PBXGroup;
			children = (
				1924505929C7BFD5008CFDC1 /* NewArrivalsView.swift */,
				19EAEB2D29C897440003CF5A /* ProductGridView.swift */,
			);
			path = NewArrivals;
			sourceTree = "<group>";
		};
		1924505429C7A5C3008CFDC1 /* Products */ = {
			isa = PBXGroup;
			children = (
				1924505B29C7BFE4008CFDC1 /* ProductsView.swift */,
				19CBAF9629C80E5300AD2BA4 /* ProductListView.swift */,
			);
			path = Products;
			sourceTree = "<group>";
		};
		1962938C29E4A6A500C09A2A /* Services */ = {
			isa = PBXGroup;
			children = (
				1962938D29E4A6BF00C09A2A /* APIClient.swift */,
				1962938F29E625A900C09A2A /* Cache.swift */,
				1962939529E626BF00C09A2A /* RequestState.swift */,
				196293A529E8BEBA00C09A2A /* NetworkMonitor.swift */,
			);
			path = Services;
			sourceTree = "<group>";
		};
		1962939B29E6F8FC00C09A2A /* Cart */ = {
			isa = PBXGroup;
			children = (
				1924504D29C7890C008CFDC1 /* Cart.swift */,
				1962939D29E6F92500C09A2A /* CartItem.swift */,
			);
			path = Cart;
			sourceTree = "<group>";
		};
		1962939C29E6F90800C09A2A /* Shop */ = {
			isa = PBXGroup;
			children = (
				1924504929C78821008CFDC1 /* Shop.swift */,
				1962939929E62B4600C09A2A /* ProductGroup.swift */,
			);
			path = Shop;
			sourceTree = "<group>";
		};
		1963FD0729BE496B0022C2B9 /* AppStyle */ = {
			isa = PBXGroup;
			children = (
				19A9B8C529A2A93E00A1A81D /* Color.swift */,
				1963FD0529BE425E0022C2B9 /* Image.swift */,
				1963FD0F29BF5CB80022C2B9 /* Text.swift */,
			);
			path = AppStyle;
			sourceTree = "<group>";
		};
		199478C729C9202500AAEC31 /* ProductDetails */ = {
			isa = PBXGroup;
			children = (
				1992079529C7DED8002408A0 /* ProductDetailsView.swift */,
			);
			path = ProductDetails;
			sourceTree = "<group>";
		};
		19BB563A29A144C6006B768E = {
			isa = PBXGroup;
			children = (
				19BB564529A144C6006B768E /* BorzenkoShopellio */,
				19099EA429CF58670010DA05 /* BorzenkoShopellioTests */,
				19F50E9429CFFA8F00965E3D /* BorzenkoShopellioUITests */,
				19BB564429A144C6006B768E /* Products */,
			);
			sourceTree = "<group>";
		};
		19BB564429A144C6006B768E /* Products */ = {
			isa = PBXGroup;
			children = (
				19BB564329A144C6006B768E /* BorzenkoShopellio.app */,
				19099EA329CF58670010DA05 /* BorzenkoShopellioTests.xctest */,
				19F50E9329CFFA8F00965E3D /* BorzenkoShopellioUITests.xctest */,
			);
			name = Products;
			sourceTree = "<group>";
		};
		19BB564529A144C6006B768E /* BorzenkoShopellio */ = {
			isa = PBXGroup;
			children = (
				1962938C29E4A6A500C09A2A /* Services */,
				1963FD0729BE496B0022C2B9 /* AppStyle */,
				19BB565929A28632006B768E /* Models */,
				19BB565529A1A324006B768E /* Views */,
				19BB565429A1A315006B768E /* App */,
				19BB564C29A144C8006B768E /* Preview Content */,
			);
			path = BorzenkoShopellio;
			sourceTree = "<group>";
		};
		19BB564C29A144C8006B768E /* Preview Content */ = {
			isa = PBXGroup;
			children = (
				19BB564D29A144C8006B768E /* Preview Assets.xcassets */,
				1962939F29E7219600C09A2A /* PreviewMockData.swift */,
			);
			path = "Preview Content";
			sourceTree = "<group>";
		};
		19BB565429A1A315006B768E /* App */ = {
			isa = PBXGroup;
			children = (
				19BB564629A144C6006B768E /* BorzenkoShopellioApp.swift */,
				19A9B8C329A2A78700A1A81D /* Constants.swift */,
				19DE30AC29DB257300AF7CE1 /* Resources */,
				19BB565629A1A810006B768E /* Info.plist */,
				1913835629E8EF5A008E8718 /* LaunchScreen.storyboard */,
			);
			path = App;
			sourceTree = "<group>";
		};
		19BB565529A1A324006B768E /* Views */ = {
			isa = PBXGroup;
			children = (
				1913835A29ECB4F8008E8718 /* Common */,
				19099E8D29CE59330010DA05 /* ProductVariantSelection */,
				1905741929C9328700C27155 /* About */,
				199478C729C9202500AAEC31 /* ProductDetails */,
				19EAEB3329C8D17B0003CF5A /* Product */,
				1924505429C7A5C3008CFDC1 /* Products */,
				1924505329C7A58B008CFDC1 /* NewArrivals */,
				1924505229C7A585008CFDC1 /* Cart */,
				1913835B29ECC59A008E8718 /* MainView */,
			);
			path = Views;
			sourceTree = "<group>";
		};
		19BB565929A28632006B768E /* Models */ = {
			isa = PBXGroup;
			children = (
				1913836429ED8B6F008E8718 /* TemporalModels */,
				1962939C29E6F90800C09A2A /* Shop */,
				1962939B29E6F8FC00C09A2A /* Cart */,
				1924504F29C78C66008CFDC1 /* Products */,
				19BB565A29A28646006B768E /* FeatureList.swift */,
				1913835E29ECE346008E8718 /* Router.swift */,
			);
			path = Models;
			sourceTree = "<group>";
		};
		19DE30AC29DB257300AF7CE1 /* Resources */ = {
			isa = PBXGroup;
			children = (
				19DE30AF29DB25C000AF7CE1 /* ShopData.json */,
				19BB564A29A144C8006B768E /* Assets.xcassets */,
			);
			path = Resources;
			sourceTree = "<group>";
		};
		19EAEB3329C8D17B0003CF5A /* Product */ = {
			isa = PBXGroup;
			children = (
				19EAEB3629C8D4D00003CF5A /* ProductColor */,
				1992079929C7F555002408A0 /* ProductImageView.swift */,
				19EAEB3929C8D7FD0003CF5A /* ProductTagView.swift */,
				19EAEB3D29C902FA0003CF5A /* ProductSizeLabel.swift */,
				19EAEB3B29C8DA4D0003CF5A /* ProductPriceTextView.swift */,
				19EAEB3F29C903950003CF5A /* ProductSubviewScale.swift */,
			);
			path = Product;
			sourceTree = "<group>";
		};
		19EAEB3629C8D4D00003CF5A /* ProductColor */ = {
			isa = PBXGroup;
			children = (
				19EAEB3429C8D1920003CF5A /* ProductColorsView.swift */,
				19EAEB3729C8D4F50003CF5A /* ProductColorView.swift */,
			);
			path = ProductColor;
			sourceTree = "<group>";
		};
		19F50E8B29CFC64E00965E3D /* Models */ = {
			isa = PBXGroup;
			children = (
				19099EA529CF58670010DA05 /* CartTestCase.swift */,
				19F50E8D29CFE5E200965E3D /* ProductTestCase.swift */,
			);
			path = Models;
			sourceTree = "<group>";
		};
		19F50E9429CFFA8F00965E3D /* BorzenkoShopellioUITests */ = {
			isa = PBXGroup;
			children = (
				19F50E9529CFFA8F00965E3D /* NewArrivalsUITestCase.swift */,
				195EED5129D0BFA200D34005 /* CartUITestCase.swift */,
				195EED5329D1DBD200D34005 /* UITestHelpers.swift */,
				19F50E9729CFFA8F00965E3D /* BorzenkoShopellioUITestsLaunchTests.swift */,
			);
			path = BorzenkoShopellioUITests;
			sourceTree = "<group>";
		};
/* End PBXGroup section */

/* Begin PBXNativeTarget section */
		19099EA229CF58670010DA05 /* BorzenkoShopellioTests */ = {
			isa = PBXNativeTarget;
			buildConfigurationList = 19099EA929CF58670010DA05 /* Build configuration list for PBXNativeTarget "BorzenkoShopellioTests" */;
			buildPhases = (
				19099E9F29CF58670010DA05 /* Sources */,
				19099EA029CF58670010DA05 /* Frameworks */,
				19099EA129CF58670010DA05 /* Resources */,
			);
			buildRules = (
			);
			dependencies = (
				19099EA829CF58670010DA05 /* PBXTargetDependency */,
			);
			name = BorzenkoShopellioTests;
			productName = BorzenkoShopellioTests;
			productReference = 19099EA329CF58670010DA05 /* BorzenkoShopellioTests.xctest */;
			productType = "com.apple.product-type.bundle.unit-test";
		};
		19BB564229A144C6006B768E /* BorzenkoShopellio */ = {
			isa = PBXNativeTarget;
			buildConfigurationList = 19BB565129A144C8006B768E /* Build configuration list for PBXNativeTarget "BorzenkoShopellio" */;
			buildPhases = (
				19F9975929A8193C006440A7 /* ShellScript */,
				19BB563F29A144C6006B768E /* Sources */,
				19BB564029A144C6006B768E /* Frameworks */,
				19BB564129A144C6006B768E /* Resources */,
			);
			buildRules = (
			);
			dependencies = (
			);
			name = BorzenkoShopellio;
			productName = "Borzenko-Shopellio";
			productReference = 19BB564329A144C6006B768E /* BorzenkoShopellio.app */;
			productType = "com.apple.product-type.application";
		};
		19F50E9229CFFA8F00965E3D /* BorzenkoShopellioUITests */ = {
			isa = PBXNativeTarget;
			buildConfigurationList = 19F50E9B29CFFA8F00965E3D /* Build configuration list for PBXNativeTarget "BorzenkoShopellioUITests" */;
			buildPhases = (
				19F50E8F29CFFA8F00965E3D /* Sources */,
				19F50E9029CFFA8F00965E3D /* Frameworks */,
				19F50E9129CFFA8F00965E3D /* Resources */,
			);
			buildRules = (
			);
			dependencies = (
				19F50E9A29CFFA8F00965E3D /* PBXTargetDependency */,
			);
			name = BorzenkoShopellioUITests;
			productName = BorzenkoShopellioUITests;
			productReference = 19F50E9329CFFA8F00965E3D /* BorzenkoShopellioUITests.xctest */;
			productType = "com.apple.product-type.bundle.ui-testing";
		};
/* End PBXNativeTarget section */

/* Begin PBXProject section */
		19BB563B29A144C6006B768E /* Project object */ = {
			isa = PBXProject;
			attributes = {
				BuildIndependentTargetsInParallel = 1;
				LastSwiftUpdateCheck = 1420;
				LastUpgradeCheck = 1420;
				TargetAttributes = {
					19099EA229CF58670010DA05 = {
						CreatedOnToolsVersion = 14.2;
						TestTargetID = 19BB564229A144C6006B768E;
					};
					19BB564229A144C6006B768E = {
						CreatedOnToolsVersion = 14.2;
					};
					19F50E9229CFFA8F00965E3D = {
						CreatedOnToolsVersion = 14.2;
						TestTargetID = 19BB564229A144C6006B768E;
					};
				};
			};
			buildConfigurationList = 19BB563E29A144C6006B768E /* Build configuration list for PBXProject "BorzenkoShopellio" */;
			compatibilityVersion = "Xcode 14.0";
			developmentRegion = en;
			hasScannedForEncodings = 0;
			knownRegions = (
				en,
				Base,
			);
			mainGroup = 19BB563A29A144C6006B768E;
			productRefGroup = 19BB564429A144C6006B768E /* Products */;
			projectDirPath = "";
			projectRoot = "";
			targets = (
				19BB564229A144C6006B768E /* BorzenkoShopellio */,
				19099EA229CF58670010DA05 /* BorzenkoShopellioTests */,
				19F50E9229CFFA8F00965E3D /* BorzenkoShopellioUITests */,
			);
		};
/* End PBXProject section */

/* Begin PBXResourcesBuildPhase section */
		19099EA129CF58670010DA05 /* Resources */ = {
			isa = PBXResourcesBuildPhase;
			buildActionMask = 2147483647;
			files = (
			);
			runOnlyForDeploymentPostprocessing = 0;
		};
		19BB564129A144C6006B768E /* Resources */ = {
			isa = PBXResourcesBuildPhase;
			buildActionMask = 2147483647;
			files = (
				19BB564E29A144C8006B768E /* Preview Assets.xcassets in Resources */,
				19DE30B029DB25C000AF7CE1 /* ShopData.json in Resources */,
				1913835729E8EF5A008E8718 /* LaunchScreen.storyboard in Resources */,
				19BB564B29A144C8006B768E /* Assets.xcassets in Resources */,
			);
			runOnlyForDeploymentPostprocessing = 0;
		};
		19F50E9129CFFA8F00965E3D /* Resources */ = {
			isa = PBXResourcesBuildPhase;
			buildActionMask = 2147483647;
			files = (
			);
			runOnlyForDeploymentPostprocessing = 0;
		};
/* End PBXResourcesBuildPhase section */

/* Begin PBXShellScriptBuildPhase section */
		19F9975929A8193C006440A7 /* ShellScript */ = {
			isa = PBXShellScriptBuildPhase;
			alwaysOutOfDate = 1;
			buildActionMask = 2147483647;
			files = (
			);
			inputFileListPaths = (
			);
			inputPaths = (
			);
			outputFileListPaths = (
			);
			outputPaths = (
			);
			runOnlyForDeploymentPostprocessing = 0;
			shellPath = /bin/sh;
			shellScript = "# Type a script or drag a script file from your workspace to insert its path.\nPATH=/opt/homebrew/bin:$PATH\nif [ -f ~/com.raywenderlich.swiftlint.yml ]; then\n  if which swiftlint >/dev/null; then\n    swiftlint --no-cache --config ~/com.raywenderlich.swiftlint.yml\n  fi\nfi\n";
		};
/* End PBXShellScriptBuildPhase section */

/* Begin PBXSourcesBuildPhase section */
		19099E9F29CF58670010DA05 /* Sources */ = {
			isa = PBXSourcesBuildPhase;
			buildActionMask = 2147483647;
			files = (
				19099EA629CF58670010DA05 /* CartTestCase.swift in Sources */,
				19F50E8E29CFE5E200965E3D /* ProductTestCase.swift in Sources */,
			);
			runOnlyForDeploymentPostprocessing = 0;
		};
		19BB563F29A144C6006B768E /* Sources */ = {
			isa = PBXSourcesBuildPhase;
			buildActionMask = 2147483647;
			files = (
				19EAEB3A29C8D7FD0003CF5A /* ProductTagView.swift in Sources */,
				19BB565B29A28646006B768E /* FeatureList.swift in Sources */,
				1924504629C783A4008CFDC1 /* Product.swift in Sources */,
				19EAEB3029C8A8E10003CF5A /* CartContentSectionView.swift in Sources */,
				19EAEB3529C8D1920003CF5A /* ProductColorsView.swift in Sources */,
				19EAEB3829C8D4F50003CF5A /* ProductColorView.swift in Sources */,
				19CBAF9729C80E5300AD2BA4 /* ProductListView.swift in Sources */,
				19EAEB4029C903950003CF5A /* ProductSubviewScale.swift in Sources */,
				19099E8F29CE5FBC0010DA05 /* ProductVariantSelectionFooterView.swift in Sources */,
				1924505129C7A577008CFDC1 /* MainView.swift in Sources */,
				1924505A29C7BFD5008CFDC1 /* NewArrivalsView.swift in Sources */,
				19A9B8C629A2A93E00A1A81D /* Color.swift in Sources */,
				1913836129ED7838008E8718 /* ATSTestModel.swift in Sources */,
				19BB565829A26D39006B768E /* AboutView.swift in Sources */,
				19099E8A29CE4CD80010DA05 /* ProductSizeSelectionView.swift in Sources */,
				1962939A29E62B4600C09A2A /* ProductGroup.swift in Sources */,
				1992079A29C7F555002408A0 /* ProductImageView.swift in Sources */,
				1913835F29ECE346008E8718 /* Router.swift in Sources */,
				1924504C29C788D0008CFDC1 /* Stock.swift in Sources */,
				19099E8629CDDFAE0010DA05 /* ProductVariantSelectionView.swift in Sources */,
				1962939E29E6F92500C09A2A /* CartItem.swift in Sources */,
				1963FD0629BE425E0022C2B9 /* Image.swift in Sources */,
				1924504E29C7890C008CFDC1 /* Cart.swift in Sources */,
				1962938E29E4A6BF00C09A2A /* APIClient.swift in Sources */,
				19099E8829CE41BE0010DA05 /* ProductColorSelectionView.swift in Sources */,
				1913835929ECAE9F008E8718 /* ErrorStateView.swift in Sources */,
				1962939029E625A900C09A2A /* Cache.swift in Sources */,
				1913835529E8D3AE008E8718 /* LoadingView.swift in Sources */,
				1924504A29C78821008CFDC1 /* Shop.swift in Sources */,
				199478C429C9185500AAEC31 /* CartSummarySectionView.swift in Sources */,
				196293A229E77B5700C09A2A /* MainLoadingView.swift in Sources */,
				1913835D29ECC5B7008E8718 /* MainTabView.swift in Sources */,
				1924504829C784B4008CFDC1 /* Review.swift in Sources */,
				1913836329ED8B61008E8718 /* KodecoClient.swift in Sources */,
				1924505829C7BFC3008CFDC1 /* CartView.swift in Sources */,
				196293A629E8BEBA00C09A2A /* NetworkMonitor.swift in Sources */,
				1962939629E626BF00C09A2A /* RequestState.swift in Sources */,
				19EAEB3C29C8DA4D0003CF5A /* ProductPriceTextView.swift in Sources */,
				196293A029E7219600C09A2A /* PreviewMockData.swift in Sources */,
				1963FD1029BF5CB80022C2B9 /* Text.swift in Sources */,
				19EAEB3229C8A9400003CF5A /* CartRowView.swift in Sources */,
				19EAEB3E29C902FA0003CF5A /* ProductSizeLabel.swift in Sources */,
				19A9B8C429A2A78700A1A81D /* Constants.swift in Sources */,
				1924505C29C7BFE4008CFDC1 /* ProductsView.swift in Sources */,
				1992079629C7DED8002408A0 /* ProductDetailsView.swift in Sources */,
				19EAEB2E29C897440003CF5A /* ProductGridView.swift in Sources */,
				1962939229E6261000C09A2A /* Products.swift in Sources */,
				19BB564729A144C6006B768E /* BorzenkoShopellioApp.swift in Sources */,
			);
			runOnlyForDeploymentPostprocessing = 0;
		};
		19F50E8F29CFFA8F00965E3D /* Sources */ = {
			isa = PBXSourcesBuildPhase;
			buildActionMask = 2147483647;
			files = (
				19F50E9829CFFA8F00965E3D /* BorzenkoShopellioUITestsLaunchTests.swift in Sources */,
				195EED5229D0BFA200D34005 /* CartUITestCase.swift in Sources */,
				19F50E9629CFFA8F00965E3D /* NewArrivalsUITestCase.swift in Sources */,
				195EED5429D1DBD200D34005 /* UITestHelpers.swift in Sources */,
			);
			runOnlyForDeploymentPostprocessing = 0;
		};
/* End PBXSourcesBuildPhase section */

/* Begin PBXTargetDependency section */
		19099EA829CF58670010DA05 /* PBXTargetDependency */ = {
			isa = PBXTargetDependency;
			target = 19BB564229A144C6006B768E /* BorzenkoShopellio */;
			targetProxy = 19099EA729CF58670010DA05 /* PBXContainerItemProxy */;
		};
		19F50E9A29CFFA8F00965E3D /* PBXTargetDependency */ = {
			isa = PBXTargetDependency;
			target = 19BB564229A144C6006B768E /* BorzenkoShopellio */;
			targetProxy = 19F50E9929CFFA8F00965E3D /* PBXContainerItemProxy */;
		};
/* End PBXTargetDependency section */

/* Begin XCBuildConfiguration section */
		19099EAA29CF58670010DA05 /* Debug */ = {
			isa = XCBuildConfiguration;
			buildSettings = {
				BUNDLE_LOADER = "$(TEST_HOST)";
				CODE_SIGN_STYLE = Automatic;
				CURRENT_PROJECT_VERSION = 1;
				DEVELOPMENT_TEAM = 628AH4U335;
				GENERATE_INFOPLIST_FILE = YES;
				MARKETING_VERSION = 1.0;
				PRODUCT_BUNDLE_IDENTIFIER = me.nborzenko.BorzenkoShopellioTests;
				PRODUCT_NAME = "$(TARGET_NAME)";
				SWIFT_EMIT_LOC_STRINGS = NO;
				SWIFT_VERSION = 5.0;
				TARGETED_DEVICE_FAMILY = "1,2";
				TEST_HOST = "$(BUILT_PRODUCTS_DIR)/BorzenkoShopellio.app/$(BUNDLE_EXECUTABLE_FOLDER_PATH)/BorzenkoShopellio";
			};
			name = Debug;
		};
		19099EAB29CF58670010DA05 /* Release */ = {
			isa = XCBuildConfiguration;
			buildSettings = {
				BUNDLE_LOADER = "$(TEST_HOST)";
				CODE_SIGN_STYLE = Automatic;
				CURRENT_PROJECT_VERSION = 1;
				DEVELOPMENT_TEAM = 628AH4U335;
				GENERATE_INFOPLIST_FILE = YES;
				MARKETING_VERSION = 1.0;
				PRODUCT_BUNDLE_IDENTIFIER = me.nborzenko.BorzenkoShopellioTests;
				PRODUCT_NAME = "$(TARGET_NAME)";
				SWIFT_EMIT_LOC_STRINGS = NO;
				SWIFT_VERSION = 5.0;
				TARGETED_DEVICE_FAMILY = "1,2";
				TEST_HOST = "$(BUILT_PRODUCTS_DIR)/BorzenkoShopellio.app/$(BUNDLE_EXECUTABLE_FOLDER_PATH)/BorzenkoShopellio";
			};
			name = Release;
		};
		19BB564F29A144C8006B768E /* Debug */ = {
			isa = XCBuildConfiguration;
			buildSettings = {
				ALWAYS_SEARCH_USER_PATHS = NO;
				ASSETCATALOG_COMPILER_GLOBAL_ACCENT_COLOR_NAME = accentColor;
				CLANG_ANALYZER_NONNULL = YES;
				CLANG_ANALYZER_NUMBER_OBJECT_CONVERSION = YES_AGGRESSIVE;
				CLANG_CXX_LANGUAGE_STANDARD = "gnu++20";
				CLANG_ENABLE_MODULES = YES;
				CLANG_ENABLE_OBJC_ARC = YES;
				CLANG_ENABLE_OBJC_WEAK = YES;
				CLANG_WARN_BLOCK_CAPTURE_AUTORELEASING = YES;
				CLANG_WARN_BOOL_CONVERSION = YES;
				CLANG_WARN_COMMA = YES;
				CLANG_WARN_CONSTANT_CONVERSION = YES;
				CLANG_WARN_DEPRECATED_OBJC_IMPLEMENTATIONS = YES;
				CLANG_WARN_DIRECT_OBJC_ISA_USAGE = YES_ERROR;
				CLANG_WARN_DOCUMENTATION_COMMENTS = YES;
				CLANG_WARN_EMPTY_BODY = YES;
				CLANG_WARN_ENUM_CONVERSION = YES;
				CLANG_WARN_INFINITE_RECURSION = YES;
				CLANG_WARN_INT_CONVERSION = YES;
				CLANG_WARN_NON_LITERAL_NULL_CONVERSION = YES;
				CLANG_WARN_OBJC_IMPLICIT_RETAIN_SELF = YES;
				CLANG_WARN_OBJC_LITERAL_CONVERSION = YES;
				CLANG_WARN_OBJC_ROOT_CLASS = YES_ERROR;
				CLANG_WARN_QUOTED_INCLUDE_IN_FRAMEWORK_HEADER = YES;
				CLANG_WARN_RANGE_LOOP_ANALYSIS = YES;
				CLANG_WARN_STRICT_PROTOTYPES = YES;
				CLANG_WARN_SUSPICIOUS_MOVE = YES;
				CLANG_WARN_UNGUARDED_AVAILABILITY = YES_AGGRESSIVE;
				CLANG_WARN_UNREACHABLE_CODE = YES;
				CLANG_WARN__DUPLICATE_METHOD_MATCH = YES;
				COPY_PHASE_STRIP = NO;
				DEBUG_INFORMATION_FORMAT = dwarf;
				ENABLE_STRICT_OBJC_MSGSEND = YES;
				ENABLE_TESTABILITY = YES;
				GCC_C_LANGUAGE_STANDARD = gnu11;
				GCC_DYNAMIC_NO_PIC = NO;
				GCC_NO_COMMON_BLOCKS = YES;
				GCC_OPTIMIZATION_LEVEL = 0;
				GCC_PREPROCESSOR_DEFINITIONS = (
					"DEBUG=1",
					"$(inherited)",
				);
				GCC_WARN_64_TO_32_BIT_CONVERSION = YES;
				GCC_WARN_ABOUT_RETURN_TYPE = YES_ERROR;
				GCC_WARN_UNDECLARED_SELECTOR = YES;
				GCC_WARN_UNINITIALIZED_AUTOS = YES_AGGRESSIVE;
				GCC_WARN_UNUSED_FUNCTION = YES;
				GCC_WARN_UNUSED_VARIABLE = YES;
				IPHONEOS_DEPLOYMENT_TARGET = 16.2;
				MTL_ENABLE_DEBUG_INFO = INCLUDE_SOURCE;
				MTL_FAST_MATH = YES;
				ONLY_ACTIVE_ARCH = YES;
				SDKROOT = iphoneos;
				SWIFT_ACTIVE_COMPILATION_CONDITIONS = DEBUG;
				SWIFT_OPTIMIZATION_LEVEL = "-Onone";
			};
			name = Debug;
		};
		19BB565029A144C8006B768E /* Release */ = {
			isa = XCBuildConfiguration;
			buildSettings = {
				ALWAYS_SEARCH_USER_PATHS = NO;
				ASSETCATALOG_COMPILER_GLOBAL_ACCENT_COLOR_NAME = accentColor;
				CLANG_ANALYZER_NONNULL = YES;
				CLANG_ANALYZER_NUMBER_OBJECT_CONVERSION = YES_AGGRESSIVE;
				CLANG_CXX_LANGUAGE_STANDARD = "gnu++20";
				CLANG_ENABLE_MODULES = YES;
				CLANG_ENABLE_OBJC_ARC = YES;
				CLANG_ENABLE_OBJC_WEAK = YES;
				CLANG_WARN_BLOCK_CAPTURE_AUTORELEASING = YES;
				CLANG_WARN_BOOL_CONVERSION = YES;
				CLANG_WARN_COMMA = YES;
				CLANG_WARN_CONSTANT_CONVERSION = YES;
				CLANG_WARN_DEPRECATED_OBJC_IMPLEMENTATIONS = YES;
				CLANG_WARN_DIRECT_OBJC_ISA_USAGE = YES_ERROR;
				CLANG_WARN_DOCUMENTATION_COMMENTS = YES;
				CLANG_WARN_EMPTY_BODY = YES;
				CLANG_WARN_ENUM_CONVERSION = YES;
				CLANG_WARN_INFINITE_RECURSION = YES;
				CLANG_WARN_INT_CONVERSION = YES;
				CLANG_WARN_NON_LITERAL_NULL_CONVERSION = YES;
				CLANG_WARN_OBJC_IMPLICIT_RETAIN_SELF = YES;
				CLANG_WARN_OBJC_LITERAL_CONVERSION = YES;
				CLANG_WARN_OBJC_ROOT_CLASS = YES_ERROR;
				CLANG_WARN_QUOTED_INCLUDE_IN_FRAMEWORK_HEADER = YES;
				CLANG_WARN_RANGE_LOOP_ANALYSIS = YES;
				CLANG_WARN_STRICT_PROTOTYPES = YES;
				CLANG_WARN_SUSPICIOUS_MOVE = YES;
				CLANG_WARN_UNGUARDED_AVAILABILITY = YES_AGGRESSIVE;
				CLANG_WARN_UNREACHABLE_CODE = YES;
				CLANG_WARN__DUPLICATE_METHOD_MATCH = YES;
				COPY_PHASE_STRIP = NO;
				DEBUG_INFORMATION_FORMAT = "dwarf-with-dsym";
				ENABLE_NS_ASSERTIONS = NO;
				ENABLE_STRICT_OBJC_MSGSEND = YES;
				GCC_C_LANGUAGE_STANDARD = gnu11;
				GCC_NO_COMMON_BLOCKS = YES;
				GCC_WARN_64_TO_32_BIT_CONVERSION = YES;
				GCC_WARN_ABOUT_RETURN_TYPE = YES_ERROR;
				GCC_WARN_UNDECLARED_SELECTOR = YES;
				GCC_WARN_UNINITIALIZED_AUTOS = YES_AGGRESSIVE;
				GCC_WARN_UNUSED_FUNCTION = YES;
				GCC_WARN_UNUSED_VARIABLE = YES;
				IPHONEOS_DEPLOYMENT_TARGET = 16.2;
				MTL_ENABLE_DEBUG_INFO = NO;
				MTL_FAST_MATH = YES;
				SDKROOT = iphoneos;
				SWIFT_COMPILATION_MODE = wholemodule;
				SWIFT_OPTIMIZATION_LEVEL = "-O";
				VALIDATE_PRODUCT = YES;
			};
			name = Release;
		};
		19BB565229A144C8006B768E /* Debug */ = {
			isa = XCBuildConfiguration;
			buildSettings = {
				ASSETCATALOG_COMPILER_APPICON_NAME = AppIcon;
				ASSETCATALOG_COMPILER_GLOBAL_ACCENT_COLOR_NAME = AccentColor;
				CODE_SIGN_STYLE = Automatic;
				CURRENT_PROJECT_VERSION = 1;
				DEVELOPMENT_ASSET_PATHS = "\"BorzenkoShopellio/Preview Content\"";
				DEVELOPMENT_TEAM = 628AH4U335;
				ENABLE_PREVIEWS = YES;
				GENERATE_INFOPLIST_FILE = YES;
				INFOPLIST_FILE = BorzenkoShopellio/App/Info.plist;
				INFOPLIST_KEY_CFBundleDisplayName = Shopellio;
				INFOPLIST_KEY_UIApplicationSupportsIndirectInputEvents = YES;
				INFOPLIST_KEY_UILaunchStoryboardName = LaunchScreen.storyboard;
				INFOPLIST_KEY_UISupportedInterfaceOrientations_iPad = "UIInterfaceOrientationPortrait UIInterfaceOrientationPortraitUpsideDown UIInterfaceOrientationLandscapeLeft UIInterfaceOrientationLandscapeRight";
				INFOPLIST_KEY_UISupportedInterfaceOrientations_iPhone = "UIInterfaceOrientationPortrait UIInterfaceOrientationLandscapeLeft UIInterfaceOrientationLandscapeRight";
				IPHONEOS_DEPLOYMENT_TARGET = 16.2;
				LD_RUNPATH_SEARCH_PATHS = (
					"$(inherited)",
					"@executable_path/Frameworks",
				);
				MARKETING_VERSION = 1.0;
				PRODUCT_BUNDLE_IDENTIFIER = me.nborzenko.BorzenkoShopellio;
				PRODUCT_NAME = "$(TARGET_NAME)";
				SUPPORTED_PLATFORMS = "iphoneos iphonesimulator";
				SUPPORTS_MACCATALYST = NO;
				SUPPORTS_MAC_DESIGNED_FOR_IPHONE_IPAD = NO;
				SWIFT_EMIT_LOC_STRINGS = YES;
				SWIFT_VERSION = 5.0;
				TARGETED_DEVICE_FAMILY = "1,2";
			};
			name = Debug;
		};
		19BB565329A144C8006B768E /* Release */ = {
			isa = XCBuildConfiguration;
			buildSettings = {
				ASSETCATALOG_COMPILER_APPICON_NAME = AppIcon;
				ASSETCATALOG_COMPILER_GLOBAL_ACCENT_COLOR_NAME = AccentColor;
				CODE_SIGN_STYLE = Automatic;
				CURRENT_PROJECT_VERSION = 1;
				DEVELOPMENT_ASSET_PATHS = "\"BorzenkoShopellio/Preview Content\"";
				DEVELOPMENT_TEAM = 628AH4U335;
				ENABLE_PREVIEWS = YES;
				GENERATE_INFOPLIST_FILE = YES;
				INFOPLIST_FILE = BorzenkoShopellio/App/Info.plist;
				INFOPLIST_KEY_CFBundleDisplayName = Shopellio;
				INFOPLIST_KEY_UIApplicationSupportsIndirectInputEvents = YES;
				INFOPLIST_KEY_UILaunchStoryboardName = LaunchScreen.storyboard;
				INFOPLIST_KEY_UISupportedInterfaceOrientations_iPad = "UIInterfaceOrientationPortrait UIInterfaceOrientationPortraitUpsideDown UIInterfaceOrientationLandscapeLeft UIInterfaceOrientationLandscapeRight";
				INFOPLIST_KEY_UISupportedInterfaceOrientations_iPhone = "UIInterfaceOrientationPortrait UIInterfaceOrientationLandscapeLeft UIInterfaceOrientationLandscapeRight";
				IPHONEOS_DEPLOYMENT_TARGET = 16.2;
				LD_RUNPATH_SEARCH_PATHS = (
					"$(inherited)",
					"@executable_path/Frameworks",
				);
				MARKETING_VERSION = 1.0;
				PRODUCT_BUNDLE_IDENTIFIER = me.nborzenko.BorzenkoShopellio;
				PRODUCT_NAME = "$(TARGET_NAME)";
				SUPPORTED_PLATFORMS = "iphoneos iphonesimulator";
				SUPPORTS_MACCATALYST = NO;
				SUPPORTS_MAC_DESIGNED_FOR_IPHONE_IPAD = NO;
				SWIFT_EMIT_LOC_STRINGS = YES;
				SWIFT_VERSION = 5.0;
				TARGETED_DEVICE_FAMILY = "1,2";
			};
			name = Release;
		};
		19F50E9C29CFFA8F00965E3D /* Debug */ = {
			isa = XCBuildConfiguration;
			buildSettings = {
				CODE_SIGN_STYLE = Automatic;
				CURRENT_PROJECT_VERSION = 1;
				DEVELOPMENT_TEAM = 628AH4U335;
				GENERATE_INFOPLIST_FILE = YES;
				MARKETING_VERSION = 1.0;
				PRODUCT_BUNDLE_IDENTIFIER = me.nborzenko.BorzenkoShopellioUITests;
				PRODUCT_NAME = "$(TARGET_NAME)";
				SWIFT_EMIT_LOC_STRINGS = NO;
				SWIFT_VERSION = 5.0;
				TARGETED_DEVICE_FAMILY = "1,2";
				TEST_TARGET_NAME = BorzenkoShopellio;
			};
			name = Debug;
		};
		19F50E9D29CFFA8F00965E3D /* Release */ = {
			isa = XCBuildConfiguration;
			buildSettings = {
				CODE_SIGN_STYLE = Automatic;
				CURRENT_PROJECT_VERSION = 1;
				DEVELOPMENT_TEAM = 628AH4U335;
				GENERATE_INFOPLIST_FILE = YES;
				MARKETING_VERSION = 1.0;
				PRODUCT_BUNDLE_IDENTIFIER = me.nborzenko.BorzenkoShopellioUITests;
				PRODUCT_NAME = "$(TARGET_NAME)";
				SWIFT_EMIT_LOC_STRINGS = NO;
				SWIFT_VERSION = 5.0;
				TARGETED_DEVICE_FAMILY = "1,2";
				TEST_TARGET_NAME = BorzenkoShopellio;
			};
			name = Release;
		};
/* End XCBuildConfiguration section */

/* Begin XCConfigurationList section */
		19099EA929CF58670010DA05 /* Build configuration list for PBXNativeTarget "BorzenkoShopellioTests" */ = {
			isa = XCConfigurationList;
			buildConfigurations = (
				19099EAA29CF58670010DA05 /* Debug */,
				19099EAB29CF58670010DA05 /* Release */,
			);
			defaultConfigurationIsVisible = 0;
			defaultConfigurationName = Release;
		};
		19BB563E29A144C6006B768E /* Build configuration list for PBXProject "BorzenkoShopellio" */ = {
			isa = XCConfigurationList;
			buildConfigurations = (
				19BB564F29A144C8006B768E /* Debug */,
				19BB565029A144C8006B768E /* Release */,
			);
			defaultConfigurationIsVisible = 0;
			defaultConfigurationName = Release;
		};
		19BB565129A144C8006B768E /* Build configuration list for PBXNativeTarget "BorzenkoShopellio" */ = {
			isa = XCConfigurationList;
			buildConfigurations = (
				19BB565229A144C8006B768E /* Debug */,
				19BB565329A144C8006B768E /* Release */,
			);
			defaultConfigurationIsVisible = 0;
			defaultConfigurationName = Release;
		};
		19F50E9B29CFFA8F00965E3D /* Build configuration list for PBXNativeTarget "BorzenkoShopellioUITests" */ = {
			isa = XCConfigurationList;
			buildConfigurations = (
				19F50E9C29CFFA8F00965E3D /* Debug */,
				19F50E9D29CFFA8F00965E3D /* Release */,
			);
			defaultConfigurationIsVisible = 0;
			defaultConfigurationName = Release;
		};
/* End XCConfigurationList section */
	};
	rootObject = 19BB563B29A144C6006B768E /* Project object */;
}
