// !$*UTF8*$!
{
	archiveVersion = 1;
	classes = {
	};
	objectVersion = 56;
	objects = {

/* Begin PBXBuildFile section */
		194DECC529AC216300F4D9C0 /* ProductList.swift in Sources */ = {isa = PBXBuildFile; fileRef = 194DECC429AC216300F4D9C0 /* ProductList.swift */; };
		194DECC729AC25E900F4D9C0 /* ProductListItemView.swift in Sources */ = {isa = PBXBuildFile; fileRef = 194DECC629AC25E900F4D9C0 /* ProductListItemView.swift */; };
		194DECC929ACF47500F4D9C0 /* ProductListView.swift in Sources */ = {isa = PBXBuildFile; fileRef = 194DECC829ACF47500F4D9C0 /* ProductListView.swift */; };
		194DECCB29B62BA600F4D9C0 /* Cart.swift in Sources */ = {isa = PBXBuildFile; fileRef = 194DECCA29B62BA600F4D9C0 /* Cart.swift */; };
		194DECCD29B62DB800F4D9C0 /* CartView.swift in Sources */ = {isa = PBXBuildFile; fileRef = 194DECCC29B62DB800F4D9C0 /* CartView.swift */; };
		1963FD0629BE425E0022C2B9 /* Images.swift in Sources */ = {isa = PBXBuildFile; fileRef = 1963FD0529BE425E0022C2B9 /* Images.swift */; };
		19A9B8C229A29EA400A1A81D /* ImageGradientCircle.swift in Sources */ = {isa = PBXBuildFile; fileRef = 19A9B8C129A29EA400A1A81D /* ImageGradientCircle.swift */; };
		19A9B8C429A2A78700A1A81D /* Constants.swift in Sources */ = {isa = PBXBuildFile; fileRef = 19A9B8C329A2A78700A1A81D /* Constants.swift */; };
		19A9B8C629A2A93E00A1A81D /* Colors.swift in Sources */ = {isa = PBXBuildFile; fileRef = 19A9B8C529A2A93E00A1A81D /* Colors.swift */; };
		19BB564729A144C6006B768E /* BorzenkoShopellioApp.swift in Sources */ = {isa = PBXBuildFile; fileRef = 19BB564629A144C6006B768E /* BorzenkoShopellioApp.swift */; };
		19BB564929A144C6006B768E /* HomeView.swift in Sources */ = {isa = PBXBuildFile; fileRef = 19BB564829A144C6006B768E /* HomeView.swift */; };
		19BB564B29A144C8006B768E /* Assets.xcassets in Resources */ = {isa = PBXBuildFile; fileRef = 19BB564A29A144C8006B768E /* Assets.xcassets */; };
		19BB564E29A144C8006B768E /* Preview Assets.xcassets in Resources */ = {isa = PBXBuildFile; fileRef = 19BB564D29A144C8006B768E /* Preview Assets.xcassets */; };
		19BB565829A26D39006B768E /* OnboardingView.swift in Sources */ = {isa = PBXBuildFile; fileRef = 19BB565729A26D39006B768E /* OnboardingView.swift */; };
		19BB565B29A28646006B768E /* FeatureList.swift in Sources */ = {isa = PBXBuildFile; fileRef = 19BB565A29A28646006B768E /* FeatureList.swift */; };
		19BB565F29A2876B006B768E /* TextViews.swift in Sources */ = {isa = PBXBuildFile; fileRef = 19BB565E29A2876B006B768E /* TextViews.swift */; };
/* End PBXBuildFile section */

/* Begin PBXFileReference section */
		194DECC429AC216300F4D9C0 /* ProductList.swift */ = {isa = PBXFileReference; lastKnownFileType = sourcecode.swift; path = ProductList.swift; sourceTree = "<group>"; };
		194DECC629AC25E900F4D9C0 /* ProductListItemView.swift */ = {isa = PBXFileReference; lastKnownFileType = sourcecode.swift; path = ProductListItemView.swift; sourceTree = "<group>"; };
		194DECC829ACF47500F4D9C0 /* ProductListView.swift */ = {isa = PBXFileReference; lastKnownFileType = sourcecode.swift; path = ProductListView.swift; sourceTree = "<group>"; };
		194DECCA29B62BA600F4D9C0 /* Cart.swift */ = {isa = PBXFileReference; lastKnownFileType = sourcecode.swift; path = Cart.swift; sourceTree = "<group>"; };
		194DECCC29B62DB800F4D9C0 /* CartView.swift */ = {isa = PBXFileReference; lastKnownFileType = sourcecode.swift; path = CartView.swift; sourceTree = "<group>"; };
		1963FD0529BE425E0022C2B9 /* Images.swift */ = {isa = PBXFileReference; lastKnownFileType = sourcecode.swift; path = Images.swift; sourceTree = "<group>"; };
		19A9B8C129A29EA400A1A81D /* ImageGradientCircle.swift */ = {isa = PBXFileReference; lastKnownFileType = sourcecode.swift; path = ImageGradientCircle.swift; sourceTree = "<group>"; };
		19A9B8C329A2A78700A1A81D /* Constants.swift */ = {isa = PBXFileReference; lastKnownFileType = sourcecode.swift; path = Constants.swift; sourceTree = "<group>"; };
		19A9B8C529A2A93E00A1A81D /* Colors.swift */ = {isa = PBXFileReference; lastKnownFileType = sourcecode.swift; path = Colors.swift; sourceTree = "<group>"; };
		19BB564329A144C6006B768E /* Borzenko-Shopellio.app */ = {isa = PBXFileReference; explicitFileType = wrapper.application; includeInIndex = 0; path = "Borzenko-Shopellio.app"; sourceTree = BUILT_PRODUCTS_DIR; };
		19BB564629A144C6006B768E /* BorzenkoShopellioApp.swift */ = {isa = PBXFileReference; lastKnownFileType = sourcecode.swift; path = BorzenkoShopellioApp.swift; sourceTree = "<group>"; };
		19BB564829A144C6006B768E /* HomeView.swift */ = {isa = PBXFileReference; lastKnownFileType = sourcecode.swift; path = HomeView.swift; sourceTree = "<group>"; };
		19BB564A29A144C8006B768E /* Assets.xcassets */ = {isa = PBXFileReference; lastKnownFileType = folder.assetcatalog; path = Assets.xcassets; sourceTree = "<group>"; };
		19BB564D29A144C8006B768E /* Preview Assets.xcassets */ = {isa = PBXFileReference; lastKnownFileType = folder.assetcatalog; path = "Preview Assets.xcassets"; sourceTree = "<group>"; };
		19BB565629A1A810006B768E /* Info.plist */ = {isa = PBXFileReference; lastKnownFileType = text.plist.xml; path = Info.plist; sourceTree = "<group>"; };
		19BB565729A26D39006B768E /* OnboardingView.swift */ = {isa = PBXFileReference; lastKnownFileType = sourcecode.swift; path = OnboardingView.swift; sourceTree = "<group>"; };
		19BB565A29A28646006B768E /* FeatureList.swift */ = {isa = PBXFileReference; lastKnownFileType = sourcecode.swift; path = FeatureList.swift; sourceTree = "<group>"; };
		19BB565E29A2876B006B768E /* TextViews.swift */ = {isa = PBXFileReference; lastKnownFileType = sourcecode.swift; path = TextViews.swift; sourceTree = "<group>"; };
/* End PBXFileReference section */

/* Begin PBXFrameworksBuildPhase section */
		19BB564029A144C6006B768E /* Frameworks */ = {
			isa = PBXFrameworksBuildPhase;
			buildActionMask = 2147483647;
			files = (
			);
			runOnlyForDeploymentPostprocessing = 0;
		};
/* End PBXFrameworksBuildPhase section */

/* Begin PBXGroup section */
		1963FD0729BE496B0022C2B9 /* AppStyle */ = {
			isa = PBXGroup;
			children = (
				19A9B8C529A2A93E00A1A81D /* Colors.swift */,
				1963FD0529BE425E0022C2B9 /* Images.swift */,
				19A9B8C129A29EA400A1A81D /* ImageGradientCircle.swift */,
			);
			path = AppStyle;
			sourceTree = "<group>";
		};
		19BB563A29A144C6006B768E = {
			isa = PBXGroup;
			children = (
				19BB564529A144C6006B768E /* Borzenko-Shopellio */,
				19BB564429A144C6006B768E /* Products */,
			);
			sourceTree = "<group>";
		};
		19BB564429A144C6006B768E /* Products */ = {
			isa = PBXGroup;
			children = (
				19BB564329A144C6006B768E /* Borzenko-Shopellio.app */,
			);
			name = Products;
			sourceTree = "<group>";
		};
		19BB564529A144C6006B768E /* Borzenko-Shopellio */ = {
			isa = PBXGroup;
			children = (
				1963FD0729BE496B0022C2B9 /* AppStyle */,
				19BB565929A28632006B768E /* Models */,
				19BB565529A1A324006B768E /* Views */,
				19BB565429A1A315006B768E /* App */,
				19BB564C29A144C8006B768E /* Preview Content */,
			);
			path = "Borzenko-Shopellio";
			sourceTree = "<group>";
		};
		19BB564C29A144C8006B768E /* Preview Content */ = {
			isa = PBXGroup;
			children = (
				19BB564D29A144C8006B768E /* Preview Assets.xcassets */,
			);
			path = "Preview Content";
			sourceTree = "<group>";
		};
		19BB565429A1A315006B768E /* App */ = {
			isa = PBXGroup;
			children = (
				19BB565629A1A810006B768E /* Info.plist */,
				19BB564629A144C6006B768E /* BorzenkoShopellioApp.swift */,
				19BB564A29A144C8006B768E /* Assets.xcassets */,
			);
			path = App;
			sourceTree = "<group>";
		};
		19BB565529A1A324006B768E /* Views */ = {
			isa = PBXGroup;
			children = (
				19BB564829A144C6006B768E /* HomeView.swift */,
				19BB565729A26D39006B768E /* OnboardingView.swift */,
				19BB565E29A2876B006B768E /* TextViews.swift */,
				194DECC629AC25E900F4D9C0 /* ProductListItemView.swift */,
				194DECC829ACF47500F4D9C0 /* ProductListView.swift */,
				194DECCC29B62DB800F4D9C0 /* CartView.swift */,
			);
			path = Views;
			sourceTree = "<group>";
		};
		19BB565929A28632006B768E /* Models */ = {
			isa = PBXGroup;
			children = (
				19BB565A29A28646006B768E /* FeatureList.swift */,
				19A9B8C329A2A78700A1A81D /* Constants.swift */,
				194DECC429AC216300F4D9C0 /* ProductList.swift */,
				194DECCA29B62BA600F4D9C0 /* Cart.swift */,
			);
			path = Models;
			sourceTree = "<group>";
		};
/* End PBXGroup section */

/* Begin PBXNativeTarget section */
		19BB564229A144C6006B768E /* Borzenko-Shopellio */ = {
			isa = PBXNativeTarget;
			buildConfigurationList = 19BB565129A144C8006B768E /* Build configuration list for PBXNativeTarget "Borzenko-Shopellio" */;
			buildPhases = (
				19F9975929A8193C006440A7 /* ShellScript */,
				19BB563F29A144C6006B768E /* Sources */,
				19BB564029A144C6006B768E /* Frameworks */,
				19BB564129A144C6006B768E /* Resources */,
			);
			buildRules = (
			);
			dependencies = (
			);
			name = "Borzenko-Shopellio";
			productName = "Borzenko-Shopellio";
			productReference = 19BB564329A144C6006B768E /* Borzenko-Shopellio.app */;
			productType = "com.apple.product-type.application";
		};
/* End PBXNativeTarget section */

/* Begin PBXProject section */
		19BB563B29A144C6006B768E /* Project object */ = {
			isa = PBXProject;
			attributes = {
				BuildIndependentTargetsInParallel = 1;
				LastSwiftUpdateCheck = 1420;
				LastUpgradeCheck = 1420;
				TargetAttributes = {
					19BB564229A144C6006B768E = {
						CreatedOnToolsVersion = 14.2;
					};
				};
			};
			buildConfigurationList = 19BB563E29A144C6006B768E /* Build configuration list for PBXProject "Borzenko-Shopellio" */;
			compatibilityVersion = "Xcode 14.0";
			developmentRegion = en;
			hasScannedForEncodings = 0;
			knownRegions = (
				en,
				Base,
			);
			mainGroup = 19BB563A29A144C6006B768E;
			productRefGroup = 19BB564429A144C6006B768E /* Products */;
			projectDirPath = "";
			projectRoot = "";
			targets = (
				19BB564229A144C6006B768E /* Borzenko-Shopellio */,
			);
		};
/* End PBXProject section */

/* Begin PBXResourcesBuildPhase section */
		19BB564129A144C6006B768E /* Resources */ = {
			isa = PBXResourcesBuildPhase;
			buildActionMask = 2147483647;
			files = (
				19BB564E29A144C8006B768E /* Preview Assets.xcassets in Resources */,
				19BB564B29A144C8006B768E /* Assets.xcassets in Resources */,
			);
			runOnlyForDeploymentPostprocessing = 0;
		};
/* End PBXResourcesBuildPhase section */

/* Begin PBXShellScriptBuildPhase section */
		19F9975929A8193C006440A7 /* ShellScript */ = {
			isa = PBXShellScriptBuildPhase;
			alwaysOutOfDate = 1;
			buildActionMask = 2147483647;
			files = (
			);
			inputFileListPaths = (
			);
			inputPaths = (
			);
			outputFileListPaths = (
			);
			outputPaths = (
			);
			runOnlyForDeploymentPostprocessing = 0;
			shellPath = /bin/sh;
			shellScript = "# Type a script or drag a script file from your workspace to insert its path.\nPATH=/opt/homebrew/bin:$PATH\nif [ -f ~/com.raywenderlich.swiftlint.yml ]; then\n  if which swiftlint >/dev/null; then\n    swiftlint --no-cache --config ~/com.raywenderlich.swiftlint.yml\n  fi\nfi\n";
		};
/* End PBXShellScriptBuildPhase section */

/* Begin PBXSourcesBuildPhase section */
		19BB563F29A144C6006B768E /* Sources */ = {
			isa = PBXSourcesBuildPhase;
			buildActionMask = 2147483647;
			files = (
				194DECC729AC25E900F4D9C0 /* ProductListItemView.swift in Sources */,
				19BB565B29A28646006B768E /* FeatureList.swift in Sources */,
				194DECCD29B62DB800F4D9C0 /* CartView.swift in Sources */,
				19A9B8C629A2A93E00A1A81D /* Colors.swift in Sources */,
				19BB565829A26D39006B768E /* OnboardingView.swift in Sources */,
				194DECC529AC216300F4D9C0 /* ProductList.swift in Sources */,
				19A9B8C229A29EA400A1A81D /* ImageGradientCircle.swift in Sources */,
				1963FD0629BE425E0022C2B9 /* Images.swift in Sources */,
				19BB564929A144C6006B768E /* HomeView.swift in Sources */,
				194DECCB29B62BA600F4D9C0 /* Cart.swift in Sources */,
				19A9B8C429A2A78700A1A81D /* Constants.swift in Sources */,
				194DECC929ACF47500F4D9C0 /* ProductListView.swift in Sources */,
				19BB565F29A2876B006B768E /* TextViews.swift in Sources */,
				19BB564729A144C6006B768E /* BorzenkoShopellioApp.swift in Sources */,
			);
			runOnlyForDeploymentPostprocessing = 0;
		};
/* End PBXSourcesBuildPhase section */

/* Begin XCBuildConfiguration section */
		19BB564F29A144C8006B768E /* Debug */ = {
			isa = XCBuildConfiguration;
			buildSettings = {
				ALWAYS_SEARCH_USER_PATHS = NO;
				ASSETCATALOG_COMPILER_GLOBAL_ACCENT_COLOR_NAME = accentColor;
				CLANG_ANALYZER_NONNULL = YES;
				CLANG_ANALYZER_NUMBER_OBJECT_CONVERSION = YES_AGGRESSIVE;
				CLANG_CXX_LANGUAGE_STANDARD = "gnu++20";
				CLANG_ENABLE_MODULES = YES;
				CLANG_ENABLE_OBJC_ARC = YES;
				CLANG_ENABLE_OBJC_WEAK = YES;
				CLANG_WARN_BLOCK_CAPTURE_AUTORELEASING = YES;
				CLANG_WARN_BOOL_CONVERSION = YES;
				CLANG_WARN_COMMA = YES;
				CLANG_WARN_CONSTANT_CONVERSION = YES;
				CLANG_WARN_DEPRECATED_OBJC_IMPLEMENTATIONS = YES;
				CLANG_WARN_DIRECT_OBJC_ISA_USAGE = YES_ERROR;
				CLANG_WARN_DOCUMENTATION_COMMENTS = YES;
				CLANG_WARN_EMPTY_BODY = YES;
				CLANG_WARN_ENUM_CONVERSION = YES;
				CLANG_WARN_INFINITE_RECURSION = YES;
				CLANG_WARN_INT_CONVERSION = YES;
				CLANG_WARN_NON_LITERAL_NULL_CONVERSION = YES;
				CLANG_WARN_OBJC_IMPLICIT_RETAIN_SELF = YES;
				CLANG_WARN_OBJC_LITERAL_CONVERSION = YES;
				CLANG_WARN_OBJC_ROOT_CLASS = YES_ERROR;
				CLANG_WARN_QUOTED_INCLUDE_IN_FRAMEWORK_HEADER = YES;
				CLANG_WARN_RANGE_LOOP_ANALYSIS = YES;
				CLANG_WARN_STRICT_PROTOTYPES = YES;
				CLANG_WARN_SUSPICIOUS_MOVE = YES;
				CLANG_WARN_UNGUARDED_AVAILABILITY = YES_AGGRESSIVE;
				CLANG_WARN_UNREACHABLE_CODE = YES;
				CLANG_WARN__DUPLICATE_METHOD_MATCH = YES;
				COPY_PHASE_STRIP = NO;
				DEBUG_INFORMATION_FORMAT = dwarf;
				ENABLE_STRICT_OBJC_MSGSEND = YES;
				ENABLE_TESTABILITY = YES;
				GCC_C_LANGUAGE_STANDARD = gnu11;
				GCC_DYNAMIC_NO_PIC = NO;
				GCC_NO_COMMON_BLOCKS = YES;
				GCC_OPTIMIZATION_LEVEL = 0;
				GCC_PREPROCESSOR_DEFINITIONS = (
					"DEBUG=1",
					"$(inherited)",
				);
				GCC_WARN_64_TO_32_BIT_CONVERSION = YES;
				GCC_WARN_ABOUT_RETURN_TYPE = YES_ERROR;
				GCC_WARN_UNDECLARED_SELECTOR = YES;
				GCC_WARN_UNINITIALIZED_AUTOS = YES_AGGRESSIVE;
				GCC_WARN_UNUSED_FUNCTION = YES;
				GCC_WARN_UNUSED_VARIABLE = YES;
				IPHONEOS_DEPLOYMENT_TARGET = 16.2;
				MTL_ENABLE_DEBUG_INFO = INCLUDE_SOURCE;
				MTL_FAST_MATH = YES;
				ONLY_ACTIVE_ARCH = YES;
				SDKROOT = iphoneos;
				SWIFT_ACTIVE_COMPILATION_CONDITIONS = DEBUG;
				SWIFT_OPTIMIZATION_LEVEL = "-Onone";
			};
			name = Debug;
		};
		19BB565029A144C8006B768E /* Release */ = {
			isa = XCBuildConfiguration;
			buildSettings = {
				ALWAYS_SEARCH_USER_PATHS = NO;
				ASSETCATALOG_COMPILER_GLOBAL_ACCENT_COLOR_NAME = accentColor;
				CLANG_ANALYZER_NONNULL = YES;
				CLANG_ANALYZER_NUMBER_OBJECT_CONVERSION = YES_AGGRESSIVE;
				CLANG_CXX_LANGUAGE_STANDARD = "gnu++20";
				CLANG_ENABLE_MODULES = YES;
				CLANG_ENABLE_OBJC_ARC = YES;
				CLANG_ENABLE_OBJC_WEAK = YES;
				CLANG_WARN_BLOCK_CAPTURE_AUTORELEASING = YES;
				CLANG_WARN_BOOL_CONVERSION = YES;
				CLANG_WARN_COMMA = YES;
				CLANG_WARN_CONSTANT_CONVERSION = YES;
				CLANG_WARN_DEPRECATED_OBJC_IMPLEMENTATIONS = YES;
				CLANG_WARN_DIRECT_OBJC_ISA_USAGE = YES_ERROR;
				CLANG_WARN_DOCUMENTATION_COMMENTS = YES;
				CLANG_WARN_EMPTY_BODY = YES;
				CLANG_WARN_ENUM_CONVERSION = YES;
				CLANG_WARN_INFINITE_RECURSION = YES;
				CLANG_WARN_INT_CONVERSION = YES;
				CLANG_WARN_NON_LITERAL_NULL_CONVERSION = YES;
				CLANG_WARN_OBJC_IMPLICIT_RETAIN_SELF = YES;
				CLANG_WARN_OBJC_LITERAL_CONVERSION = YES;
				CLANG_WARN_OBJC_ROOT_CLASS = YES_ERROR;
				CLANG_WARN_QUOTED_INCLUDE_IN_FRAMEWORK_HEADER = YES;
				CLANG_WARN_RANGE_LOOP_ANALYSIS = YES;
				CLANG_WARN_STRICT_PROTOTYPES = YES;
				CLANG_WARN_SUSPICIOUS_MOVE = YES;
				CLANG_WARN_UNGUARDED_AVAILABILITY = YES_AGGRESSIVE;
				CLANG_WARN_UNREACHABLE_CODE = YES;
				CLANG_WARN__DUPLICATE_METHOD_MATCH = YES;
				COPY_PHASE_STRIP = NO;
				DEBUG_INFORMATION_FORMAT = "dwarf-with-dsym";
				ENABLE_NS_ASSERTIONS = NO;
				ENABLE_STRICT_OBJC_MSGSEND = YES;
				GCC_C_LANGUAGE_STANDARD = gnu11;
				GCC_NO_COMMON_BLOCKS = YES;
				GCC_WARN_64_TO_32_BIT_CONVERSION = YES;
				GCC_WARN_ABOUT_RETURN_TYPE = YES_ERROR;
				GCC_WARN_UNDECLARED_SELECTOR = YES;
				GCC_WARN_UNINITIALIZED_AUTOS = YES_AGGRESSIVE;
				GCC_WARN_UNUSED_FUNCTION = YES;
				GCC_WARN_UNUSED_VARIABLE = YES;
				IPHONEOS_DEPLOYMENT_TARGET = 16.2;
				MTL_ENABLE_DEBUG_INFO = NO;
				MTL_FAST_MATH = YES;
				SDKROOT = iphoneos;
				SWIFT_COMPILATION_MODE = wholemodule;
				SWIFT_OPTIMIZATION_LEVEL = "-O";
				VALIDATE_PRODUCT = YES;
			};
			name = Release;
		};
		19BB565229A144C8006B768E /* Debug */ = {
			isa = XCBuildConfiguration;
			buildSettings = {
				ASSETCATALOG_COMPILER_APPICON_NAME = AppIcon;
				ASSETCATALOG_COMPILER_GLOBAL_ACCENT_COLOR_NAME = AccentColor;
				CODE_SIGN_STYLE = Automatic;
				CURRENT_PROJECT_VERSION = 1;
				DEVELOPMENT_ASSET_PATHS = "\"Borzenko-Shopellio/Preview Content\"";
				DEVELOPMENT_TEAM = 628AH4U335;
				ENABLE_PREVIEWS = YES;
				GENERATE_INFOPLIST_FILE = YES;
				INFOPLIST_FILE = "Borzenko-Shopellio/App/Info.plist";
				INFOPLIST_KEY_CFBundleDisplayName = Shopellio;
				INFOPLIST_KEY_UIApplicationSupportsIndirectInputEvents = YES;
				INFOPLIST_KEY_UILaunchScreen_Generation = YES;
				INFOPLIST_KEY_UISupportedInterfaceOrientations_iPad = "UIInterfaceOrientationPortrait UIInterfaceOrientationPortraitUpsideDown UIInterfaceOrientationLandscapeLeft UIInterfaceOrientationLandscapeRight";
				INFOPLIST_KEY_UISupportedInterfaceOrientations_iPhone = "UIInterfaceOrientationPortrait UIInterfaceOrientationLandscapeLeft UIInterfaceOrientationLandscapeRight";
				IPHONEOS_DEPLOYMENT_TARGET = 16.2;
				LD_RUNPATH_SEARCH_PATHS = (
					"$(inherited)",
					"@executable_path/Frameworks",
				);
				MARKETING_VERSION = 1.0;
				PRODUCT_BUNDLE_IDENTIFIER = "me.nborzenko.Borzenko-Shopellio";
				PRODUCT_NAME = "$(TARGET_NAME)";
				SWIFT_EMIT_LOC_STRINGS = YES;
				SWIFT_VERSION = 5.0;
				TARGETED_DEVICE_FAMILY = "1,2";
			};
			name = Debug;
		};
		19BB565329A144C8006B768E /* Release */ = {
			isa = XCBuildConfiguration;
			buildSettings = {
				ASSETCATALOG_COMPILER_APPICON_NAME = AppIcon;
				ASSETCATALOG_COMPILER_GLOBAL_ACCENT_COLOR_NAME = AccentColor;
				CODE_SIGN_STYLE = Automatic;
				CURRENT_PROJECT_VERSION = 1;
				DEVELOPMENT_ASSET_PATHS = "\"Borzenko-Shopellio/Preview Content\"";
				DEVELOPMENT_TEAM = 628AH4U335;
				ENABLE_PREVIEWS = YES;
				GENERATE_INFOPLIST_FILE = YES;
				INFOPLIST_FILE = "Borzenko-Shopellio/App/Info.plist";
				INFOPLIST_KEY_CFBundleDisplayName = Shopellio;
				INFOPLIST_KEY_UIApplicationSupportsIndirectInputEvents = YES;
				INFOPLIST_KEY_UILaunchScreen_Generation = YES;
				INFOPLIST_KEY_UISupportedInterfaceOrientations_iPad = "UIInterfaceOrientationPortrait UIInterfaceOrientationPortraitUpsideDown UIInterfaceOrientationLandscapeLeft UIInterfaceOrientationLandscapeRight";
				INFOPLIST_KEY_UISupportedInterfaceOrientations_iPhone = "UIInterfaceOrientationPortrait UIInterfaceOrientationLandscapeLeft UIInterfaceOrientationLandscapeRight";
				IPHONEOS_DEPLOYMENT_TARGET = 16.2;
				LD_RUNPATH_SEARCH_PATHS = (
					"$(inherited)",
					"@executable_path/Frameworks",
				);
				MARKETING_VERSION = 1.0;
				PRODUCT_BUNDLE_IDENTIFIER = "me.nborzenko.Borzenko-Shopellio";
				PRODUCT_NAME = "$(TARGET_NAME)";
				SWIFT_EMIT_LOC_STRINGS = YES;
				SWIFT_VERSION = 5.0;
				TARGETED_DEVICE_FAMILY = "1,2";
			};
			name = Release;
		};
/* End XCBuildConfiguration section */

/* Begin XCConfigurationList section */
		19BB563E29A144C6006B768E /* Build configuration list for PBXProject "Borzenko-Shopellio" */ = {
			isa = XCConfigurationList;
			buildConfigurations = (
				19BB564F29A144C8006B768E /* Debug */,
				19BB565029A144C8006B768E /* Release */,
			);
			defaultConfigurationIsVisible = 0;
			defaultConfigurationName = Release;
		};
		19BB565129A144C8006B768E /* Build configuration list for PBXNativeTarget "Borzenko-Shopellio" */ = {
			isa = XCConfigurationList;
			buildConfigurations = (
				19BB565229A144C8006B768E /* Debug */,
				19BB565329A144C8006B768E /* Release */,
			);
			defaultConfigurationIsVisible = 0;
			defaultConfigurationName = Release;
		};
/* End XCConfigurationList section */
	};
	rootObject = 19BB563B29A144C6006B768E /* Project object */;
}
